<?xml version="1.0" encoding="utf-8"?>
<Project ToolsVersion="4.0" xmlns="http://schemas.microsoft.com/developer/msbuild/2003">
  <ItemGroup>
    <ClCompile Include="evaluator.c" />
    <ClCompile Include="abstractSyntaxTree.c" />
    <ClCompile Include="charQueue.c" />
    <ClCompile Include="lexer.c" />
    <ClCompile Include="main.c" />
    <ClCompile Include="parser.c" />
    <ClCompile Include="programQueue.c" />
  </ItemGroup>
  <ItemGroup>
    <ClInclude Include="abstractSyntaxTree.h" />
    <ClInclude Include="charQueue.h" />
    <ClInclude Include="parser.h" />
    <ClInclude Include="programQueue.h" />
    <ClInclude Include="lexer.h" />
    <ClInclude Include="const.h" />
    <ClInclude Include="evaluator.h" />
  </ItemGroup>
</Project>